
Microsoft Visual Studio Solution File, Format Version 12.00
# Visual Studio Version 17
VisualStudioVersion = 17.12.35514.174
MinimumVisualStudioVersion = 10.0.40219.1
Project("{2150E333-8FDC-42A3-9474-1A3956D46DE8}") = "gateway", "gateway", "{F4AD564D-E2CA-4496-931A-8CE4428770E3}"
EndProject
Project("{2150E333-8FDC-42A3-9474-1A3956D46DE8}") = "services", "services", "{62B14A0F-1CF5-4E48-8CBF-B9E3A299FFE9}"
EndProject
Project("{2150E333-8FDC-42A3-9474-1A3956D46DE8}") = "auth", "auth", "{FFA3A586-DBD3-4B66-9CA2-CE95FA62DEDD}"
EndProject
Project("{FAE04EC0-301F-11D3-BF4B-00C04F79EFBC}") = "Services.Auth.Api", "services\auth\Services.Auth.Api\Services.Auth.Api.csproj", "{E132F13C-B0EF-4F19-BB90-F1C4041F0474}"
EndProject
Project("{FAE04EC0-301F-11D3-BF4B-00C04F79EFBC}") = "Doctor.Management.Gateway", "gateway\Doctor.Management.Gateway\Doctor.Management.Gateway.csproj", "{C7504B97-F53A-4599-95C3-1044797412E1}"
EndProject
Project("{FAE04EC0-301F-11D3-BF4B-00C04F79EFBC}") = "Services.Auth.Domain", "services\auth\Services.Auth.Domain\Services.Auth.Domain.csproj", "{84C1C085-387E-411C-A1E7-89544FA40E29}"
EndProject
Project("{FAE04EC0-301F-11D3-BF4B-00C04F79EFBC}") = "Services.Auth.Persistence", "services\auth\Services.Auth.Persistence\Services.Auth.Persistence.csproj", "{99ACEEF3-772F-466A-BFA3-317491606F09}"
EndProject
Project("{FAE04EC0-301F-11D3-BF4B-00C04F79EFBC}") = "Services.Auth.Application", "services\auth\Services.Auth.Application\Services.Auth.Application.csproj", "{B5B07923-2A0D-49E4-81ED-1DD05B63AEFC}"
EndProject
Project("{2150E333-8FDC-42A3-9474-1A3956D46DE8}") = "shared", "shared", "{574E268A-B89D-46A2-A8E0-B911BC38879A}"
EndProject
Project("{FAE04EC0-301F-11D3-BF4B-00C04F79EFBC}") = "Shared.Message.Queue.Requests", "services\shared\Shared.Message.Queue.Requests\Shared.Message.Queue.Requests.csproj", "{A0801937-7DFC-473C-B87F-E4282BDF6B16}"
EndProject
Project("{FAE04EC0-301F-11D3-BF4B-00C04F79EFBC}") = "Shared.Domain", "services\shared\Shared.Domain\Shared.Domain.csproj", "{3EBF4DE8-68CF-4F9F-A22B-8E4BCDF6C8E4}"
EndProject
Project("{FAE04EC0-301F-11D3-BF4B-00C04F79EFBC}") = "Services.Auth.Presentation", "services\auth\Services.Auth.Presentation\Services.Auth.Presentation.csproj", "{7664C1C6-5CB1-4AFA-BD6D-B2964527E2F3}"
EndProject
Project("{FAE04EC0-301F-11D3-BF4B-00C04F79EFBC}") = "Shared.Global.Sources", "services\shared\Shared.Global.Sources\Shared.Global.Sources.csproj", "{0275F249-8194-4762-AB0E-102376FF1224}"
EndProject
Project("{FAE04EC0-301F-11D3-BF4B-00C04F79EFBC}") = "Shared.Consul.Configuration", "services\shared\Shared.Consul.Configuration\Shared.Consul.Configuration.csproj", "{D486C721-1E5B-4A28-B515-F1D5B12027D2}"
EndProject
Project("{2150E333-8FDC-42A3-9474-1A3956D46DE8}") = "doctor", "doctor", "{13C7482F-6BCC-46A2-8485-2B437D770F86}"
EndProject
Project("{2150E333-8FDC-42A3-9474-1A3956D46DE8}") = "patient", "patient", "{7A0875FB-F798-44B5-A811-8FB99DA98549}"
EndProject
Project("{2150E333-8FDC-42A3-9474-1A3956D46DE8}") = "diagnosis", "diagnosis", "{DFB1791D-F38F-4AF8-B258-1C75EA293804}"
EndProject
Project("{FAE04EC0-301F-11D3-BF4B-00C04F79EFBC}") = "Service.Diagnoses.Api", "services\diagnosis\Service.Diagnoses.Api\Service.Diagnoses.Api.csproj", "{CF8598C1-78C5-420F-84DA-F03AB6EB5A8A}"
EndProject
Project("{FAE04EC0-301F-11D3-BF4B-00C04F79EFBC}") = "Service.Diagnoses.Application", "services\diagnosis\Service.Diagnoses.Application\Service.Diagnoses.Application.csproj", "{855BB314-6A3A-471A-9735-93A14C3A56A8}"
EndProject
Project("{FAE04EC0-301F-11D3-BF4B-00C04F79EFBC}") = "Service.Diagnoses.Domain", "services\diagnosis\Service.Diagnoses.Domain\Service.Diagnoses.Domain.csproj", "{DE0F0615-2982-4864-B0D1-760E5849415C}"
EndProject
Project("{FAE04EC0-301F-11D3-BF4B-00C04F79EFBC}") = "Service.Diagnoses.Persistence", "services\diagnosis\Service.Diagnoses.Persistence\Service.Diagnoses.Persistence.csproj", "{8F11D66D-D481-4BD0-BC31-3AD3C2313DF5}"
EndProject
Project("{FAE04EC0-301F-11D3-BF4B-00C04F79EFBC}") = "Service.Diagnoses.Presentation", "services\diagnosis\Service.Diagnoses.Presentation\Service.Diagnoses.Presentation.csproj", "{4578154E-04E3-46B4-8A8D-DA6281350DE1}"
EndProject
Project("{FAE04EC0-301F-11D3-BF4B-00C04F79EFBC}") = "Services.Doctors.Api", "services\doctor\Services.Doctors.Api\Services.Doctors.Api.csproj", "{33B2FA3C-25D2-4491-8576-EE5089F08C89}"
EndProject
Project("{FAE04EC0-301F-11D3-BF4B-00C04F79EFBC}") = "Services.Doctors.Application", "services\doctor\Services.Doctors.Application\Services.Doctors.Application.csproj", "{196494F1-1EEA-4F68-97B9-D5745B6918E8}"
EndProject
Project("{FAE04EC0-301F-11D3-BF4B-00C04F79EFBC}") = "Services.Doctors.Presentation", "services\doctor\Services.Doctors.Presentation\Services.Doctors.Presentation.csproj", "{52BE3DD7-B2F7-400F-A84F-CAC1527A3203}"
EndProject
Project("{FAE04EC0-301F-11D3-BF4B-00C04F79EFBC}") = "Services.Doctors.Persistence", "services\doctor\Services.Doctors.Persistence\Services.Doctors.Persistence.csproj", "{93B78FC8-F6FA-4216-AF83-5B06DB454900}"
EndProject
Project("{FAE04EC0-301F-11D3-BF4B-00C04F79EFBC}") = "Services.Doctors.Domain", "services\doctor\Services.Doctors.Domain\Services.Doctors.Domain.csproj", "{EF8B9AE8-BAA3-4148-9747-50FD446E3C75}"
EndProject
Project("{FAE04EC0-301F-11D3-BF4B-00C04F79EFBC}") = "Services.Patients.Api", "services\patient\Services.Patients.Api\Services.Patients.Api.csproj", "{DFC26F14-2C83-4BF0-A421-41D352BEBDBA}"
EndProject
Project("{FAE04EC0-301F-11D3-BF4B-00C04F79EFBC}") = "Services.Patients.Domain", "services\patient\Services.Patients.Domain\Services.Patients.Domain.csproj", "{0F9BC7AD-973E-48B8-B965-76BFAED2AF86}"
EndProject
Project("{FAE04EC0-301F-11D3-BF4B-00C04F79EFBC}") = "Services.Patients.Persistence", "services\patient\Services.Patients.Persistence\Services.Patients.Persistence.csproj", "{4A0E3E45-6F6F-4606-B81E-1DEBEE9CB835}"
EndProject
Project("{FAE04EC0-301F-11D3-BF4B-00C04F79EFBC}") = "Services.Patients.Application", "services\patient\Services.Patients.Application\Services.Patients.Application.csproj", "{FE582649-2AE6-43B4-A391-B81F975060A0}"
EndProject
Project("{FAE04EC0-301F-11D3-BF4B-00C04F79EFBC}") = "Services.Patients.Presentation", "services\patient\Services.Patients.Presentation\Services.Patients.Presentation.csproj", "{01859454-E2F3-4E34-A2A6-3FEF0098D5CB}"
EndProject
Project("{2150E333-8FDC-42A3-9474-1A3956D46DE8}") = "tests", "tests", "{03BD133E-6EE3-4F32-AE87-CA069C859F2A}"
EndProject
Project("{FAE04EC0-301F-11D3-BF4B-00C04F79EFBC}") = "Services.Auth.Application.UnitTests", "tests\Services.Auth.Application.UnitTests\Services.Auth.Application.UnitTests.csproj", "{14FB23CF-0853-48C4-B2A2-05299A9E1426}"
EndProject
Global
	GlobalSection(SolutionConfigurationPlatforms) = preSolution
		Debug|Any CPU = Debug|Any CPU
		Release|Any CPU = Release|Any CPU
	EndGlobalSection
	GlobalSection(ProjectConfigurationPlatforms) = postSolution
		{E132F13C-B0EF-4F19-BB90-F1C4041F0474}.Debug|Any CPU.ActiveCfg = Debug|Any CPU
		{E132F13C-B0EF-4F19-BB90-F1C4041F0474}.Debug|Any CPU.Build.0 = Debug|Any CPU
		{E132F13C-B0EF-4F19-BB90-F1C4041F0474}.Release|Any CPU.ActiveCfg = Release|Any CPU
		{E132F13C-B0EF-4F19-BB90-F1C4041F0474}.Release|Any CPU.Build.0 = Release|Any CPU
		{C7504B97-F53A-4599-95C3-1044797412E1}.Debug|Any CPU.ActiveCfg = Debug|Any CPU
		{C7504B97-F53A-4599-95C3-1044797412E1}.Debug|Any CPU.Build.0 = Debug|Any CPU
		{C7504B97-F53A-4599-95C3-1044797412E1}.Release|Any CPU.ActiveCfg = Release|Any CPU
		{C7504B97-F53A-4599-95C3-1044797412E1}.Release|Any CPU.Build.0 = Release|Any CPU
		{84C1C085-387E-411C-A1E7-89544FA40E29}.Debug|Any CPU.ActiveCfg = Debug|Any CPU
		{84C1C085-387E-411C-A1E7-89544FA40E29}.Debug|Any CPU.Build.0 = Debug|Any CPU
		{84C1C085-387E-411C-A1E7-89544FA40E29}.Release|Any CPU.ActiveCfg = Release|Any CPU
		{84C1C085-387E-411C-A1E7-89544FA40E29}.Release|Any CPU.Build.0 = Release|Any CPU
		{99ACEEF3-772F-466A-BFA3-317491606F09}.Debug|Any CPU.ActiveCfg = Debug|Any CPU
		{99ACEEF3-772F-466A-BFA3-317491606F09}.Debug|Any CPU.Build.0 = Debug|Any CPU
		{99ACEEF3-772F-466A-BFA3-317491606F09}.Release|Any CPU.ActiveCfg = Release|Any CPU
		{99ACEEF3-772F-466A-BFA3-317491606F09}.Release|Any CPU.Build.0 = Release|Any CPU
		{B5B07923-2A0D-49E4-81ED-1DD05B63AEFC}.Debug|Any CPU.ActiveCfg = Debug|Any CPU
		{B5B07923-2A0D-49E4-81ED-1DD05B63AEFC}.Debug|Any CPU.Build.0 = Debug|Any CPU
		{B5B07923-2A0D-49E4-81ED-1DD05B63AEFC}.Release|Any CPU.ActiveCfg = Release|Any CPU
		{B5B07923-2A0D-49E4-81ED-1DD05B63AEFC}.Release|Any CPU.Build.0 = Release|Any CPU
		{A0801937-7DFC-473C-B87F-E4282BDF6B16}.Debug|Any CPU.ActiveCfg = Debug|Any CPU
		{A0801937-7DFC-473C-B87F-E4282BDF6B16}.Debug|Any CPU.Build.0 = Debug|Any CPU
		{A0801937-7DFC-473C-B87F-E4282BDF6B16}.Release|Any CPU.ActiveCfg = Release|Any CPU
		{A0801937-7DFC-473C-B87F-E4282BDF6B16}.Release|Any CPU.Build.0 = Release|Any CPU
		{3EBF4DE8-68CF-4F9F-A22B-8E4BCDF6C8E4}.Debug|Any CPU.ActiveCfg = Debug|Any CPU
		{3EBF4DE8-68CF-4F9F-A22B-8E4BCDF6C8E4}.Debug|Any CPU.Build.0 = Debug|Any CPU
		{3EBF4DE8-68CF-4F9F-A22B-8E4BCDF6C8E4}.Release|Any CPU.ActiveCfg = Release|Any CPU
		{3EBF4DE8-68CF-4F9F-A22B-8E4BCDF6C8E4}.Release|Any CPU.Build.0 = Release|Any CPU
		{7664C1C6-5CB1-4AFA-BD6D-B2964527E2F3}.Debug|Any CPU.ActiveCfg = Debug|Any CPU
		{7664C1C6-5CB1-4AFA-BD6D-B2964527E2F3}.Debug|Any CPU.Build.0 = Debug|Any CPU
		{7664C1C6-5CB1-4AFA-BD6D-B2964527E2F3}.Release|Any CPU.ActiveCfg = Release|Any CPU
		{7664C1C6-5CB1-4AFA-BD6D-B2964527E2F3}.Release|Any CPU.Build.0 = Release|Any CPU
		{0275F249-8194-4762-AB0E-102376FF1224}.Debug|Any CPU.ActiveCfg = Debug|Any CPU
		{0275F249-8194-4762-AB0E-102376FF1224}.Debug|Any CPU.Build.0 = Debug|Any CPU
		{0275F249-8194-4762-AB0E-102376FF1224}.Release|Any CPU.ActiveCfg = Release|Any CPU
		{0275F249-8194-4762-AB0E-102376FF1224}.Release|Any CPU.Build.0 = Release|Any CPU
		{D486C721-1E5B-4A28-B515-F1D5B12027D2}.Debug|Any CPU.ActiveCfg = Debug|Any CPU
		{D486C721-1E5B-4A28-B515-F1D5B12027D2}.Debug|Any CPU.Build.0 = Debug|Any CPU
		{D486C721-1E5B-4A28-B515-F1D5B12027D2}.Release|Any CPU.ActiveCfg = Release|Any CPU
		{D486C721-1E5B-4A28-B515-F1D5B12027D2}.Release|Any CPU.Build.0 = Release|Any CPU
		{CF8598C1-78C5-420F-84DA-F03AB6EB5A8A}.Debug|Any CPU.ActiveCfg = Debug|Any CPU
		{CF8598C1-78C5-420F-84DA-F03AB6EB5A8A}.Debug|Any CPU.Build.0 = Debug|Any CPU
		{CF8598C1-78C5-420F-84DA-F03AB6EB5A8A}.Release|Any CPU.ActiveCfg = Release|Any CPU
		{CF8598C1-78C5-420F-84DA-F03AB6EB5A8A}.Release|Any CPU.Build.0 = Release|Any CPU
		{855BB314-6A3A-471A-9735-93A14C3A56A8}.Debug|Any CPU.ActiveCfg = Debug|Any CPU
		{855BB314-6A3A-471A-9735-93A14C3A56A8}.Debug|Any CPU.Build.0 = Debug|Any CPU
		{855BB314-6A3A-471A-9735-93A14C3A56A8}.Release|Any CPU.ActiveCfg = Release|Any CPU
		{855BB314-6A3A-471A-9735-93A14C3A56A8}.Release|Any CPU.Build.0 = Release|Any CPU
		{DE0F0615-2982-4864-B0D1-760E5849415C}.Debug|Any CPU.ActiveCfg = Debug|Any CPU
		{DE0F0615-2982-4864-B0D1-760E5849415C}.Debug|Any CPU.Build.0 = Debug|Any CPU
		{DE0F0615-2982-4864-B0D1-760E5849415C}.Release|Any CPU.ActiveCfg = Release|Any CPU
		{DE0F0615-2982-4864-B0D1-760E5849415C}.Release|Any CPU.Build.0 = Release|Any CPU
		{8F11D66D-D481-4BD0-BC31-3AD3C2313DF5}.Debug|Any CPU.ActiveCfg = Debug|Any CPU
		{8F11D66D-D481-4BD0-BC31-3AD3C2313DF5}.Debug|Any CPU.Build.0 = Debug|Any CPU
		{8F11D66D-D481-4BD0-BC31-3AD3C2313DF5}.Release|Any CPU.ActiveCfg = Release|Any CPU
		{8F11D66D-D481-4BD0-BC31-3AD3C2313DF5}.Release|Any CPU.Build.0 = Release|Any CPU
		{4578154E-04E3-46B4-8A8D-DA6281350DE1}.Debug|Any CPU.ActiveCfg = Debug|Any CPU
		{4578154E-04E3-46B4-8A8D-DA6281350DE1}.Debug|Any CPU.Build.0 = Debug|Any CPU
		{4578154E-04E3-46B4-8A8D-DA6281350DE1}.Release|Any CPU.ActiveCfg = Release|Any CPU
		{4578154E-04E3-46B4-8A8D-DA6281350DE1}.Release|Any CPU.Build.0 = Release|Any CPU
		{33B2FA3C-25D2-4491-8576-EE5089F08C89}.Debug|Any CPU.ActiveCfg = Debug|Any CPU
		{33B2FA3C-25D2-4491-8576-EE5089F08C89}.Debug|Any CPU.Build.0 = Debug|Any CPU
		{33B2FA3C-25D2-4491-8576-EE5089F08C89}.Release|Any CPU.ActiveCfg = Release|Any CPU
		{33B2FA3C-25D2-4491-8576-EE5089F08C89}.Release|Any CPU.Build.0 = Release|Any CPU
		{196494F1-1EEA-4F68-97B9-D5745B6918E8}.Debug|Any CPU.ActiveCfg = Debug|Any CPU
		{196494F1-1EEA-4F68-97B9-D5745B6918E8}.Debug|Any CPU.Build.0 = Debug|Any CPU
		{196494F1-1EEA-4F68-97B9-D5745B6918E8}.Release|Any CPU.ActiveCfg = Release|Any CPU
		{196494F1-1EEA-4F68-97B9-D5745B6918E8}.Release|Any CPU.Build.0 = Release|Any CPU
		{52BE3DD7-B2F7-400F-A84F-CAC1527A3203}.Debug|Any CPU.ActiveCfg = Debug|Any CPU
		{52BE3DD7-B2F7-400F-A84F-CAC1527A3203}.Debug|Any CPU.Build.0 = Debug|Any CPU
		{52BE3DD7-B2F7-400F-A84F-CAC1527A3203}.Release|Any CPU.ActiveCfg = Release|Any CPU
		{52BE3DD7-B2F7-400F-A84F-CAC1527A3203}.Release|Any CPU.Build.0 = Release|Any CPU
		{93B78FC8-F6FA-4216-AF83-5B06DB454900}.Debug|Any CPU.ActiveCfg = Debug|Any CPU
		{93B78FC8-F6FA-4216-AF83-5B06DB454900}.Debug|Any CPU.Build.0 = Debug|Any CPU
		{93B78FC8-F6FA-4216-AF83-5B06DB454900}.Release|Any CPU.ActiveCfg = Release|Any CPU
		{93B78FC8-F6FA-4216-AF83-5B06DB454900}.Release|Any CPU.Build.0 = Release|Any CPU
		{EF8B9AE8-BAA3-4148-9747-50FD446E3C75}.Debug|Any CPU.ActiveCfg = Debug|Any CPU
		{EF8B9AE8-BAA3-4148-9747-50FD446E3C75}.Debug|Any CPU.Build.0 = Debug|Any CPU
		{EF8B9AE8-BAA3-4148-9747-50FD446E3C75}.Release|Any CPU.ActiveCfg = Release|Any CPU
		{EF8B9AE8-BAA3-4148-9747-50FD446E3C75}.Release|Any CPU.Build.0 = Release|Any CPU
		{DFC26F14-2C83-4BF0-A421-41D352BEBDBA}.Debug|Any CPU.ActiveCfg = Debug|Any CPU
		{DFC26F14-2C83-4BF0-A421-41D352BEBDBA}.Debug|Any CPU.Build.0 = Debug|Any CPU
		{DFC26F14-2C83-4BF0-A421-41D352BEBDBA}.Release|Any CPU.ActiveCfg = Release|Any CPU
		{DFC26F14-2C83-4BF0-A421-41D352BEBDBA}.Release|Any CPU.Build.0 = Release|Any CPU
		{0F9BC7AD-973E-48B8-B965-76BFAED2AF86}.Debug|Any CPU.ActiveCfg = Debug|Any CPU
		{0F9BC7AD-973E-48B8-B965-76BFAED2AF86}.Debug|Any CPU.Build.0 = Debug|Any CPU
		{0F9BC7AD-973E-48B8-B965-76BFAED2AF86}.Release|Any CPU.ActiveCfg = Release|Any CPU
		{0F9BC7AD-973E-48B8-B965-76BFAED2AF86}.Release|Any CPU.Build.0 = Release|Any CPU
		{4A0E3E45-6F6F-4606-B81E-1DEBEE9CB835}.Debug|Any CPU.ActiveCfg = Debug|Any CPU
		{4A0E3E45-6F6F-4606-B81E-1DEBEE9CB835}.Debug|Any CPU.Build.0 = Debug|Any CPU
		{4A0E3E45-6F6F-4606-B81E-1DEBEE9CB835}.Release|Any CPU.ActiveCfg = Release|Any CPU
		{4A0E3E45-6F6F-4606-B81E-1DEBEE9CB835}.Release|Any CPU.Build.0 = Release|Any CPU
		{FE582649-2AE6-43B4-A391-B81F975060A0}.Debug|Any CPU.ActiveCfg = Debug|Any CPU
		{FE582649-2AE6-43B4-A391-B81F975060A0}.Debug|Any CPU.Build.0 = Debug|Any CPU
		{FE582649-2AE6-43B4-A391-B81F975060A0}.Release|Any CPU.ActiveCfg = Release|Any CPU
		{FE582649-2AE6-43B4-A391-B81F975060A0}.Release|Any CPU.Build.0 = Release|Any CPU
		{01859454-E2F3-4E34-A2A6-3FEF0098D5CB}.Debug|Any CPU.ActiveCfg = Debug|Any CPU
		{01859454-E2F3-4E34-A2A6-3FEF0098D5CB}.Debug|Any CPU.Build.0 = Debug|Any CPU
		{01859454-E2F3-4E34-A2A6-3FEF0098D5CB}.Release|Any CPU.ActiveCfg = Release|Any CPU
		{01859454-E2F3-4E34-A2A6-3FEF0098D5CB}.Release|Any CPU.Build.0 = Release|Any CPU
		{14FB23CF-0853-48C4-B2A2-05299A9E1426}.Debug|Any CPU.ActiveCfg = Debug|Any CPU
		{14FB23CF-0853-48C4-B2A2-05299A9E1426}.Debug|Any CPU.Build.0 = Debug|Any CPU
		{14FB23CF-0853-48C4-B2A2-05299A9E1426}.Release|Any CPU.ActiveCfg = Release|Any CPU
		{14FB23CF-0853-48C4-B2A2-05299A9E1426}.Release|Any CPU.Build.0 = Release|Any CPU
	EndGlobalSection
	GlobalSection(SolutionProperties) = preSolution
		HideSolutionNode = FALSE
	EndGlobalSection
	GlobalSection(NestedProjects) = preSolution
		{FFA3A586-DBD3-4B66-9CA2-CE95FA62DEDD} = {62B14A0F-1CF5-4E48-8CBF-B9E3A299FFE9}
		{E132F13C-B0EF-4F19-BB90-F1C4041F0474} = {FFA3A586-DBD3-4B66-9CA2-CE95FA62DEDD}
		{C7504B97-F53A-4599-95C3-1044797412E1} = {F4AD564D-E2CA-4496-931A-8CE4428770E3}
		{84C1C085-387E-411C-A1E7-89544FA40E29} = {FFA3A586-DBD3-4B66-9CA2-CE95FA62DEDD}
		{99ACEEF3-772F-466A-BFA3-317491606F09} = {FFA3A586-DBD3-4B66-9CA2-CE95FA62DEDD}
		{B5B07923-2A0D-49E4-81ED-1DD05B63AEFC} = {FFA3A586-DBD3-4B66-9CA2-CE95FA62DEDD}
		{574E268A-B89D-46A2-A8E0-B911BC38879A} = {62B14A0F-1CF5-4E48-8CBF-B9E3A299FFE9}
		{A0801937-7DFC-473C-B87F-E4282BDF6B16} = {574E268A-B89D-46A2-A8E0-B911BC38879A}
		{3EBF4DE8-68CF-4F9F-A22B-8E4BCDF6C8E4} = {574E268A-B89D-46A2-A8E0-B911BC38879A}
		{7664C1C6-5CB1-4AFA-BD6D-B2964527E2F3} = {FFA3A586-DBD3-4B66-9CA2-CE95FA62DEDD}
		{0275F249-8194-4762-AB0E-102376FF1224} = {574E268A-B89D-46A2-A8E0-B911BC38879A}
		{D486C721-1E5B-4A28-B515-F1D5B12027D2} = {574E268A-B89D-46A2-A8E0-B911BC38879A}
		{13C7482F-6BCC-46A2-8485-2B437D770F86} = {62B14A0F-1CF5-4E48-8CBF-B9E3A299FFE9}
		{7A0875FB-F798-44B5-A811-8FB99DA98549} = {62B14A0F-1CF5-4E48-8CBF-B9E3A299FFE9}
		{DFB1791D-F38F-4AF8-B258-1C75EA293804} = {62B14A0F-1CF5-4E48-8CBF-B9E3A299FFE9}
		{CF8598C1-78C5-420F-84DA-F03AB6EB5A8A} = {DFB1791D-F38F-4AF8-B258-1C75EA293804}
		{855BB314-6A3A-471A-9735-93A14C3A56A8} = {DFB1791D-F38F-4AF8-B258-1C75EA293804}
		{DE0F0615-2982-4864-B0D1-760E5849415C} = {DFB1791D-F38F-4AF8-B258-1C75EA293804}
		{8F11D66D-D481-4BD0-BC31-3AD3C2313DF5} = {DFB1791D-F38F-4AF8-B258-1C75EA293804}
		{4578154E-04E3-46B4-8A8D-DA6281350DE1} = {DFB1791D-F38F-4AF8-B258-1C75EA293804}
		{33B2FA3C-25D2-4491-8576-EE5089F08C89} = {13C7482F-6BCC-46A2-8485-2B437D770F86}
		{196494F1-1EEA-4F68-97B9-D5745B6918E8} = {13C7482F-6BCC-46A2-8485-2B437D770F86}
		{52BE3DD7-B2F7-400F-A84F-CAC1527A3203} = {13C7482F-6BCC-46A2-8485-2B437D770F86}
		{93B78FC8-F6FA-4216-AF83-5B06DB454900} = {13C7482F-6BCC-46A2-8485-2B437D770F86}
		{EF8B9AE8-BAA3-4148-9747-50FD446E3C75} = {13C7482F-6BCC-46A2-8485-2B437D770F86}
		{DFC26F14-2C83-4BF0-A421-41D352BEBDBA} = {7A0875FB-F798-44B5-A811-8FB99DA98549}
		{0F9BC7AD-973E-48B8-B965-76BFAED2AF86} = {7A0875FB-F798-44B5-A811-8FB99DA98549}
		{4A0E3E45-6F6F-4606-B81E-1DEBEE9CB835} = {7A0875FB-F798-44B5-A811-8FB99DA98549}
		{FE582649-2AE6-43B4-A391-B81F975060A0} = {7A0875FB-F798-44B5-A811-8FB99DA98549}
		{01859454-E2F3-4E34-A2A6-3FEF0098D5CB} = {7A0875FB-F798-44B5-A811-8FB99DA98549}
		{14FB23CF-0853-48C4-B2A2-05299A9E1426} = {03BD133E-6EE3-4F32-AE87-CA069C859F2A}
	EndGlobalSection
EndGlobal
